// !$*UTF8*$!
{
	archiveVersion = 1;
	classes = {
	};
	objectVersion = 56;
	objects = {

/* Begin PBXBuildFile section */
		EB328E9229E57C25001BCA0B /* UnfilledCircle.swift in Sources */ = {isa = PBXBuildFile; fileRef = EB328E9129E57C25001BCA0B /* UnfilledCircle.swift */; };
		EB63350029E0469B00F45136 /* BoardGameController.swift in Sources */ = {isa = PBXBuildFile; fileRef = EB6334FF29E0469B00F45136 /* BoardGameController.swift */; };
		EB63350429E0481300F45136 /* FlippableViewProtocol.swift in Sources */ = {isa = PBXBuildFile; fileRef = EB63350329E0481300F45136 /* FlippableViewProtocol.swift */; };
		EB63350929E049C300F45136 /* CardModel.swift in Sources */ = {isa = PBXBuildFile; fileRef = EB63350829E049C300F45136 /* CardModel.swift */; };
		EB63350B29E04B5100F45136 /* Game.swift in Sources */ = {isa = PBXBuildFile; fileRef = EB63350A29E04B5100F45136 /* Game.swift */; };
		EBFDE75929DEBF780041F2E5 /* AppDelegate.swift in Sources */ = {isa = PBXBuildFile; fileRef = EBFDE75829DEBF780041F2E5 /* AppDelegate.swift */; };
		EBFDE75B29DEBF780041F2E5 /* SceneDelegate.swift in Sources */ = {isa = PBXBuildFile; fileRef = EBFDE75A29DEBF780041F2E5 /* SceneDelegate.swift */; };
		EBFDE76229DEBF7A0041F2E5 /* Assets.xcassets in Resources */ = {isa = PBXBuildFile; fileRef = EBFDE76129DEBF7A0041F2E5 /* Assets.xcassets */; };
		EBFDE77129DEC3840041F2E5 /* ShapeLayerProtocol.swift in Sources */ = {isa = PBXBuildFile; fileRef = EBFDE77029DEC3840041F2E5 /* ShapeLayerProtocol.swift */; };
		EBFDE77329DEC3C90041F2E5 /* CircleShape.swift in Sources */ = {isa = PBXBuildFile; fileRef = EBFDE77229DEC3C90041F2E5 /* CircleShape.swift */; };
		EBFDE77529DEC72D0041F2E5 /* SquareShape.swift in Sources */ = {isa = PBXBuildFile; fileRef = EBFDE77429DEC72D0041F2E5 /* SquareShape.swift */; };
		EBFDE77829DEC93D0041F2E5 /* CrossShape.swift in Sources */ = {isa = PBXBuildFile; fileRef = EBFDE77729DEC93D0041F2E5 /* CrossShape.swift */; };
		EBFDE77A29DECA230041F2E5 /* FillShape.swift in Sources */ = {isa = PBXBuildFile; fileRef = EBFDE77929DECA230041F2E5 /* FillShape.swift */; };
		EBFDE77D29DECAE70041F2E5 /* BackSideCircle.swift in Sources */ = {isa = PBXBuildFile; fileRef = EBFDE77C29DECAE70041F2E5 /* BackSideCircle.swift */; };
		EBFDE78029DECD020041F2E5 /* BackSideLine.swift in Sources */ = {isa = PBXBuildFile; fileRef = EBFDE77F29DECD020041F2E5 /* BackSideLine.swift */; };
		EBFDE78229DECF800041F2E5 /* CardView.swift in Sources */ = {isa = PBXBuildFile; fileRef = EBFDE78129DECF800041F2E5 /* CardView.swift */; };
		EBFFA1FF29E1788A006AEBC5 /* CardViewFactory.swift in Sources */ = {isa = PBXBuildFile; fileRef = EBFFA1FE29E1788A006AEBC5 /* CardViewFactory.swift */; };
/* End PBXBuildFile section */

/* Begin PBXFileReference section */
		EB328E9129E57C25001BCA0B /* UnfilledCircle.swift */ = {isa = PBXFileReference; lastKnownFileType = sourcecode.swift; path = UnfilledCircle.swift; sourceTree = "<group>"; };
		EB6334FF29E0469B00F45136 /* BoardGameController.swift */ = {isa = PBXFileReference; lastKnownFileType = sourcecode.swift; path = BoardGameController.swift; sourceTree = "<group>"; };
		EB63350329E0481300F45136 /* FlippableViewProtocol.swift */ = {isa = PBXFileReference; lastKnownFileType = sourcecode.swift; path = FlippableViewProtocol.swift; sourceTree = "<group>"; };
		EB63350829E049C300F45136 /* CardModel.swift */ = {isa = PBXFileReference; lastKnownFileType = sourcecode.swift; path = CardModel.swift; sourceTree = "<group>"; };
		EB63350A29E04B5100F45136 /* Game.swift */ = {isa = PBXFileReference; lastKnownFileType = sourcecode.swift; path = Game.swift; sourceTree = "<group>"; };
		EBFDE75529DEBF780041F2E5 /* CustomCardLayer.app */ = {isa = PBXFileReference; explicitFileType = wrapper.application; includeInIndex = 0; path = CustomCardLayer.app; sourceTree = BUILT_PRODUCTS_DIR; };
		EBFDE75829DEBF780041F2E5 /* AppDelegate.swift */ = {isa = PBXFileReference; lastKnownFileType = sourcecode.swift; path = AppDelegate.swift; sourceTree = "<group>"; };
		EBFDE75A29DEBF780041F2E5 /* SceneDelegate.swift */ = {isa = PBXFileReference; lastKnownFileType = sourcecode.swift; path = SceneDelegate.swift; sourceTree = "<group>"; };
		EBFDE76129DEBF7A0041F2E5 /* Assets.xcassets */ = {isa = PBXFileReference; lastKnownFileType = folder.assetcatalog; path = Assets.xcassets; sourceTree = "<group>"; };
		EBFDE76629DEBF7A0041F2E5 /* Info.plist */ = {isa = PBXFileReference; lastKnownFileType = text.plist.xml; path = Info.plist; sourceTree = "<group>"; };
		EBFDE77029DEC3840041F2E5 /* ShapeLayerProtocol.swift */ = {isa = PBXFileReference; lastKnownFileType = sourcecode.swift; path = ShapeLayerProtocol.swift; sourceTree = "<group>"; };
		EBFDE77229DEC3C90041F2E5 /* CircleShape.swift */ = {isa = PBXFileReference; lastKnownFileType = sourcecode.swift; path = CircleShape.swift; sourceTree = "<group>"; };
		EBFDE77429DEC72D0041F2E5 /* SquareShape.swift */ = {isa = PBXFileReference; lastKnownFileType = sourcecode.swift; path = SquareShape.swift; sourceTree = "<group>"; };
		EBFDE77729DEC93D0041F2E5 /* CrossShape.swift */ = {isa = PBXFileReference; lastKnownFileType = sourcecode.swift; path = CrossShape.swift; sourceTree = "<group>"; };
		EBFDE77929DECA230041F2E5 /* FillShape.swift */ = {isa = PBXFileReference; lastKnownFileType = sourcecode.swift; path = FillShape.swift; sourceTree = "<group>"; };
		EBFDE77C29DECAE70041F2E5 /* BackSideCircle.swift */ = {isa = PBXFileReference; lastKnownFileType = sourcecode.swift; path = BackSideCircle.swift; sourceTree = "<group>"; };
		EBFDE77F29DECD020041F2E5 /* BackSideLine.swift */ = {isa = PBXFileReference; lastKnownFileType = sourcecode.swift; path = BackSideLine.swift; sourceTree = "<group>"; };
		EBFDE78129DECF800041F2E5 /* CardView.swift */ = {isa = PBXFileReference; lastKnownFileType = sourcecode.swift; path = CardView.swift; sourceTree = "<group>"; };
		EBFFA1FE29E1788A006AEBC5 /* CardViewFactory.swift */ = {isa = PBXFileReference; lastKnownFileType = sourcecode.swift; path = CardViewFactory.swift; sourceTree = "<group>"; };
/* End PBXFileReference section */

/* Begin PBXFrameworksBuildPhase section */
		EBFDE75229DEBF780041F2E5 /* Frameworks */ = {
			isa = PBXFrameworksBuildPhase;
			buildActionMask = 2147483647;
			files = (
			);
			runOnlyForDeploymentPostprocessing = 0;
		};
/* End PBXFrameworksBuildPhase section */

/* Begin PBXGroup section */
		EB6334FE29E0465300F45136 /* Controller */ = {
			isa = PBXGroup;
			children = (
				EB6334FF29E0469B00F45136 /* BoardGameController.swift */,
			);
			path = Controller;
			sourceTree = "<group>";
		};
		EB63350229E0479700F45136 /* View */ = {
			isa = PBXGroup;
			children = (
				EBFDE77629DEC7410041F2E5 /* FigureShape */,
				EBFDE77E29DECAF90041F2E5 /* BackSide */,
				EBFDE77B29DECACD0041F2E5 /* ProtocolShape */,
				EBFDE78129DECF800041F2E5 /* CardView.swift */,
				EB63350329E0481300F45136 /* FlippableViewProtocol.swift */,
			);
			path = View;
			sourceTree = "<group>";
		};
		EB63350729E0487D00F45136 /* Model */ = {
			isa = PBXGroup;
			children = (
				EB63350829E049C300F45136 /* CardModel.swift */,
				EB63350A29E04B5100F45136 /* Game.swift */,
			);
			path = Model;
			sourceTree = "<group>";
		};
		EBFDE74C29DEBF780041F2E5 = {
			isa = PBXGroup;
			children = (
				EBFDE75729DEBF780041F2E5 /* CustomCardLayer */,
				EBFDE75629DEBF780041F2E5 /* Products */,
			);
			sourceTree = "<group>";
		};
		EBFDE75629DEBF780041F2E5 /* Products */ = {
			isa = PBXGroup;
			children = (
				EBFDE75529DEBF780041F2E5 /* CustomCardLayer.app */,
			);
			name = Products;
			sourceTree = "<group>";
		};
		EBFDE75729DEBF780041F2E5 /* CustomCardLayer */ = {
			isa = PBXGroup;
			children = (
				EBFDE75829DEBF780041F2E5 /* AppDelegate.swift */,
				EBFDE75A29DEBF780041F2E5 /* SceneDelegate.swift */,
				EBFFA1FD29E17872006AEBC5 /* Helpers */,
				EB63350729E0487D00F45136 /* Model */,
				EB6334FE29E0465300F45136 /* Controller */,
				EB63350229E0479700F45136 /* View */,
				EBFDE76129DEBF7A0041F2E5 /* Assets.xcassets */,
				EBFDE76629DEBF7A0041F2E5 /* Info.plist */,
			);
			path = CustomCardLayer;
			sourceTree = "<group>";
		};
		EBFDE77629DEC7410041F2E5 /* FigureShape */ = {
			isa = PBXGroup;
			children = (
				EBFDE77229DEC3C90041F2E5 /* CircleShape.swift */,
				EB328E9129E57C25001BCA0B /* UnfilledCircle.swift */,
				EBFDE77429DEC72D0041F2E5 /* SquareShape.swift */,
				EBFDE77729DEC93D0041F2E5 /* CrossShape.swift */,
				EBFDE77929DECA230041F2E5 /* FillShape.swift */,
			);
			path = FigureShape;
			sourceTree = "<group>";
		};
		EBFDE77B29DECACD0041F2E5 /* ProtocolShape */ = {
			isa = PBXGroup;
			children = (
				EBFDE77029DEC3840041F2E5 /* ShapeLayerProtocol.swift */,
			);
			path = ProtocolShape;
			sourceTree = "<group>";
		};
		EBFDE77E29DECAF90041F2E5 /* BackSide */ = {
			isa = PBXGroup;
			children = (
				EBFDE77C29DECAE70041F2E5 /* BackSideCircle.swift */,
				EBFDE77F29DECD020041F2E5 /* BackSideLine.swift */,
			);
			path = BackSide;
			sourceTree = "<group>";
		};
		EBFFA1FD29E17872006AEBC5 /* Helpers */ = {
			isa = PBXGroup;
			children = (
				EBFFA1FE29E1788A006AEBC5 /* CardViewFactory.swift */,
			);
			path = Helpers;
			sourceTree = "<group>";
		};
/* End PBXGroup section */

/* Begin PBXNativeTarget section */
		EBFDE75429DEBF780041F2E5 /* CustomCardLayer */ = {
			isa = PBXNativeTarget;
			buildConfigurationList = EBFDE76929DEBF7A0041F2E5 /* Build configuration list for PBXNativeTarget "CustomCardLayer" */;
			buildPhases = (
				EBFDE75129DEBF780041F2E5 /* Sources */,
				EBFDE75229DEBF780041F2E5 /* Frameworks */,
				EBFDE75329DEBF780041F2E5 /* Resources */,
			);
			buildRules = (
			);
			dependencies = (
			);
			name = CustomCardLayer;
			productName = CustomCardLayer;
			productReference = EBFDE75529DEBF780041F2E5 /* CustomCardLayer.app */;
			productType = "com.apple.product-type.application";
		};
/* End PBXNativeTarget section */

/* Begin PBXProject section */
		EBFDE74D29DEBF780041F2E5 /* Project object */ = {
			isa = PBXProject;
			attributes = {
				BuildIndependentTargetsInParallel = 1;
				LastSwiftUpdateCheck = 1430;
				LastUpgradeCheck = 1430;
				TargetAttributes = {
					EBFDE75429DEBF780041F2E5 = {
						CreatedOnToolsVersion = 14.3;
					};
				};
			};
			buildConfigurationList = EBFDE75029DEBF780041F2E5 /* Build configuration list for PBXProject "CustomCardLayer" */;
			compatibilityVersion = "Xcode 14.0";
			developmentRegion = en;
			hasScannedForEncodings = 0;
			knownRegions = (
				en,
				Base,
			);
			mainGroup = EBFDE74C29DEBF780041F2E5;
			productRefGroup = EBFDE75629DEBF780041F2E5 /* Products */;
			projectDirPath = "";
			projectRoot = "";
			targets = (
				EBFDE75429DEBF780041F2E5 /* CustomCardLayer */,
			);
		};
/* End PBXProject section */

/* Begin PBXResourcesBuildPhase section */
		EBFDE75329DEBF780041F2E5 /* Resources */ = {
			isa = PBXResourcesBuildPhase;
			buildActionMask = 2147483647;
			files = (
				EBFDE76229DEBF7A0041F2E5 /* Assets.xcassets in Resources */,
			);
			runOnlyForDeploymentPostprocessing = 0;
		};
/* End PBXResourcesBuildPhase section */

/* Begin PBXSourcesBuildPhase section */
		EBFDE75129DEBF780041F2E5 /* Sources */ = {
			isa = PBXSourcesBuildPhase;
			buildActionMask = 2147483647;
			files = (
				EBFDE75929DEBF780041F2E5 /* AppDelegate.swift in Sources */,
				EBFDE77A29DECA230041F2E5 /* FillShape.swift in Sources */,
				EBFDE77529DEC72D0041F2E5 /* SquareShape.swift in Sources */,
				EBFDE75B29DEBF780041F2E5 /* SceneDelegate.swift in Sources */,
				EB328E9229E57C25001BCA0B /* UnfilledCircle.swift in Sources */,
				EBFDE77129DEC3840041F2E5 /* ShapeLayerProtocol.swift in Sources */,
				EB63350929E049C300F45136 /* CardModel.swift in Sources */,
				EBFFA1FF29E1788A006AEBC5 /* CardViewFactory.swift in Sources */,
				EB63350029E0469B00F45136 /* BoardGameController.swift in Sources */,
				EBFDE77D29DECAE70041F2E5 /* BackSideCircle.swift in Sources */,
				EBFDE77829DEC93D0041F2E5 /* CrossShape.swift in Sources */,
				EB63350B29E04B5100F45136 /* Game.swift in Sources */,
				EBFDE77329DEC3C90041F2E5 /* CircleShape.swift in Sources */,
				EBFDE78229DECF800041F2E5 /* CardView.swift in Sources */,
				EB63350429E0481300F45136 /* FlippableViewProtocol.swift in Sources */,
				EBFDE78029DECD020041F2E5 /* BackSideLine.swift in Sources */,
			);
			runOnlyForDeploymentPostprocessing = 0;
		};
/* End PBXSourcesBuildPhase section */

/* Begin XCBuildConfiguration section */
		EBFDE76729DEBF7A0041F2E5 /* Debug */ = {
			isa = XCBuildConfiguration;
			buildSettings = {
				ALWAYS_SEARCH_USER_PATHS = NO;
				CLANG_ANALYZER_NONNULL = YES;
				CLANG_ANALYZER_NUMBER_OBJECT_CONVERSION = YES_AGGRESSIVE;
				CLANG_CXX_LANGUAGE_STANDARD = "gnu++20";
				CLANG_ENABLE_MODULES = YES;
				CLANG_ENABLE_OBJC_ARC = YES;
				CLANG_ENABLE_OBJC_WEAK = YES;
				CLANG_WARN_BLOCK_CAPTURE_AUTORELEASING = YES;
				CLANG_WARN_BOOL_CONVERSION = YES;
				CLANG_WARN_COMMA = YES;
				CLANG_WARN_CONSTANT_CONVERSION = YES;
				CLANG_WARN_DEPRECATED_OBJC_IMPLEMENTATIONS = YES;
				CLANG_WARN_DIRECT_OBJC_ISA_USAGE = YES_ERROR;
				CLANG_WARN_DOCUMENTATION_COMMENTS = YES;
				CLANG_WARN_EMPTY_BODY = YES;
				CLANG_WARN_ENUM_CONVERSION = YES;
				CLANG_WARN_INFINITE_RECURSION = YES;
				CLANG_WARN_INT_CONVERSION = YES;
				CLANG_WARN_NON_LITERAL_NULL_CONVERSION = YES;
				CLANG_WARN_OBJC_IMPLICIT_RETAIN_SELF = YES;
				CLANG_WARN_OBJC_LITERAL_CONVERSION = YES;
				CLANG_WARN_OBJC_ROOT_CLASS = YES_ERROR;
				CLANG_WARN_QUOTED_INCLUDE_IN_FRAMEWORK_HEADER = YES;
				CLANG_WARN_RANGE_LOOP_ANALYSIS = YES;
				CLANG_WARN_STRICT_PROTOTYPES = YES;
				CLANG_WARN_SUSPICIOUS_MOVE = YES;
				CLANG_WARN_UNGUARDED_AVAILABILITY = YES_AGGRESSIVE;
				CLANG_WARN_UNREACHABLE_CODE = YES;
				CLANG_WARN__DUPLICATE_METHOD_MATCH = YES;
				COPY_PHASE_STRIP = NO;
				DEBUG_INFORMATION_FORMAT = dwarf;
				ENABLE_STRICT_OBJC_MSGSEND = YES;
				ENABLE_TESTABILITY = YES;
				GCC_C_LANGUAGE_STANDARD = gnu11;
				GCC_DYNAMIC_NO_PIC = NO;
				GCC_NO_COMMON_BLOCKS = YES;
				GCC_OPTIMIZATION_LEVEL = 0;
				GCC_PREPROCESSOR_DEFINITIONS = (
					"DEBUG=1",
					"$(inherited)",
				);
				GCC_WARN_64_TO_32_BIT_CONVERSION = YES;
				GCC_WARN_ABOUT_RETURN_TYPE = YES_ERROR;
				GCC_WARN_UNDECLARED_SELECTOR = YES;
				GCC_WARN_UNINITIALIZED_AUTOS = YES_AGGRESSIVE;
				GCC_WARN_UNUSED_FUNCTION = YES;
				GCC_WARN_UNUSED_VARIABLE = YES;
				IPHONEOS_DEPLOYMENT_TARGET = 16.4;
				MTL_ENABLE_DEBUG_INFO = INCLUDE_SOURCE;
				MTL_FAST_MATH = YES;
				ONLY_ACTIVE_ARCH = YES;
				SDKROOT = iphoneos;
				SWIFT_ACTIVE_COMPILATION_CONDITIONS = DEBUG;
				SWIFT_OPTIMIZATION_LEVEL = "-Onone";
			};
			name = Debug;
		};
		EBFDE76829DEBF7A0041F2E5 /* Release */ = {
			isa = XCBuildConfiguration;
			buildSettings = {
				ALWAYS_SEARCH_USER_PATHS = NO;
				CLANG_ANALYZER_NONNULL = YES;
				CLANG_ANALYZER_NUMBER_OBJECT_CONVERSION = YES_AGGRESSIVE;
				CLANG_CXX_LANGUAGE_STANDARD = "gnu++20";
				CLANG_ENABLE_MODULES = YES;
				CLANG_ENABLE_OBJC_ARC = YES;
				CLANG_ENABLE_OBJC_WEAK = YES;
				CLANG_WARN_BLOCK_CAPTURE_AUTORELEASING = YES;
				CLANG_WARN_BOOL_CONVERSION = YES;
				CLANG_WARN_COMMA = YES;
				CLANG_WARN_CONSTANT_CONVERSION = YES;
				CLANG_WARN_DEPRECATED_OBJC_IMPLEMENTATIONS = YES;
				CLANG_WARN_DIRECT_OBJC_ISA_USAGE = YES_ERROR;
				CLANG_WARN_DOCUMENTATION_COMMENTS = YES;
				CLANG_WARN_EMPTY_BODY = YES;
				CLANG_WARN_ENUM_CONVERSION = YES;
				CLANG_WARN_INFINITE_RECURSION = YES;
				CLANG_WARN_INT_CONVERSION = YES;
				CLANG_WARN_NON_LITERAL_NULL_CONVERSION = YES;
				CLANG_WARN_OBJC_IMPLICIT_RETAIN_SELF = YES;
				CLANG_WARN_OBJC_LITERAL_CONVERSION = YES;
				CLANG_WARN_OBJC_ROOT_CLASS = YES_ERROR;
				CLANG_WARN_QUOTED_INCLUDE_IN_FRAMEWORK_HEADER = YES;
				CLANG_WARN_RANGE_LOOP_ANALYSIS = YES;
				CLANG_WARN_STRICT_PROTOTYPES = YES;
				CLANG_WARN_SUSPICIOUS_MOVE = YES;
				CLANG_WARN_UNGUARDED_AVAILABILITY = YES_AGGRESSIVE;
				CLANG_WARN_UNREACHABLE_CODE = YES;
				CLANG_WARN__DUPLICATE_METHOD_MATCH = YES;
				COPY_PHASE_STRIP = NO;
				DEBUG_INFORMATION_FORMAT = "dwarf-with-dsym";
				ENABLE_NS_ASSERTIONS = NO;
				ENABLE_STRICT_OBJC_MSGSEND = YES;
				GCC_C_LANGUAGE_STANDARD = gnu11;
				GCC_NO_COMMON_BLOCKS = YES;
				GCC_WARN_64_TO_32_BIT_CONVERSION = YES;
				GCC_WARN_ABOUT_RETURN_TYPE = YES_ERROR;
				GCC_WARN_UNDECLARED_SELECTOR = YES;
				GCC_WARN_UNINITIALIZED_AUTOS = YES_AGGRESSIVE;
				GCC_WARN_UNUSED_FUNCTION = YES;
				GCC_WARN_UNUSED_VARIABLE = YES;
				IPHONEOS_DEPLOYMENT_TARGET = 16.4;
				MTL_ENABLE_DEBUG_INFO = NO;
				MTL_FAST_MATH = YES;
				SDKROOT = iphoneos;
				SWIFT_COMPILATION_MODE = wholemodule;
				SWIFT_OPTIMIZATION_LEVEL = "-O";
				VALIDATE_PRODUCT = YES;
			};
			name = Release;
		};
		EBFDE76A29DEBF7A0041F2E5 /* Debug */ = {
			isa = XCBuildConfiguration;
			buildSettings = {
				ASSETCATALOG_COMPILER_APPICON_NAME = AppIcon;
				ASSETCATALOG_COMPILER_GLOBAL_ACCENT_COLOR_NAME = AccentColor;
				CODE_SIGN_STYLE = Automatic;
				CURRENT_PROJECT_VERSION = 1;
				DEVELOPMENT_TEAM = 8F7XS6K9XY;
				GENERATE_INFOPLIST_FILE = YES;
				INFOPLIST_FILE = CustomCardLayer/Info.plist;
				INFOPLIST_KEY_UIApplicationSupportsIndirectInputEvents = YES;
				INFOPLIST_KEY_UILaunchStoryboardName = LaunchScreen;
				INFOPLIST_KEY_UIMainStoryboardFile = "";
				INFOPLIST_KEY_UISupportedInterfaceOrientations_iPad = "UIInterfaceOrientationPortrait UIInterfaceOrientationPortraitUpsideDown UIInterfaceOrientationLandscapeLeft UIInterfaceOrientationLandscapeRight";
				INFOPLIST_KEY_UISupportedInterfaceOrientations_iPhone = "UIInterfaceOrientationPortrait UIInterfaceOrientationLandscapeLeft UIInterfaceOrientationLandscapeRight";
				LD_RUNPATH_SEARCH_PATHS = (
					"$(inherited)",
					"@executable_path/Frameworks",
				);
				MARKETING_VERSION = 1.0;
				PRODUCT_BUNDLE_IDENTIFIER = "Kirill-Demyantcev.CustomCardLayer";
				PRODUCT_NAME = "$(TARGET_NAME)";
				SWIFT_EMIT_LOC_STRINGS = YES;
				SWIFT_VERSION = 5.0;
				TARGETED_DEVICE_FAMILY = "1,2";
			};
			name = Debug;
		};
		EBFDE76B29DEBF7A0041F2E5 /* Release */ = {
			isa = XCBuildConfiguration;
			buildSettings = {
				ASSETCATALOG_COMPILER_APPICON_NAME = AppIcon;
				ASSETCATALOG_COMPILER_GLOBAL_ACCENT_COLOR_NAME = AccentColor;
				CODE_SIGN_STYLE = Automatic;
				CURRENT_PROJECT_VERSION = 1;
				DEVELOPMENT_TEAM = 8F7XS6K9XY;
				GENERATE_INFOPLIST_FILE = YES;
				INFOPLIST_FILE = CustomCardLayer/Info.plist;
				INFOPLIST_KEY_UIApplicationSupportsIndirectInputEvents = YES;
				INFOPLIST_KEY_UILaunchStoryboardName = LaunchScreen;
				INFOPLIST_KEY_UIMainStoryboardFile = "";
				INFOPLIST_KEY_UISupportedInterfaceOrientations_iPad = "UIInterfaceOrientationPortrait UIInterfaceOrientationPortraitUpsideDown UIInterfaceOrientationLandscapeLeft UIInterfaceOrientationLandscapeRight";
				INFOPLIST_KEY_UISupportedInterfaceOrientations_iPhone = "UIInterfaceOrientationPortrait UIInterfaceOrientationLandscapeLeft UIInterfaceOrientationLandscapeRight";
				LD_RUNPATH_SEARCH_PATHS = (
					"$(inherited)",
					"@executable_path/Frameworks",
				);
				MARKETING_VERSION = 1.0;
				PRODUCT_BUNDLE_IDENTIFIER = "Kirill-Demyantcev.CustomCardLayer";
				PRODUCT_NAME = "$(TARGET_NAME)";
				SWIFT_EMIT_LOC_STRINGS = YES;
				SWIFT_VERSION = 5.0;
				TARGETED_DEVICE_FAMILY = "1,2";
			};
			name = Release;
		};
/* End XCBuildConfiguration section */

/* Begin XCConfigurationList section */
		EBFDE75029DEBF780041F2E5 /* Build configuration list for PBXProject "CustomCardLayer" */ = {
			isa = XCConfigurationList;
			buildConfigurations = (
				EBFDE76729DEBF7A0041F2E5 /* Debug */,
				EBFDE76829DEBF7A0041F2E5 /* Release */,
			);
			defaultConfigurationIsVisible = 0;
			defaultConfigurationName = Release;
		};
		EBFDE76929DEBF7A0041F2E5 /* Build configuration list for PBXNativeTarget "CustomCardLayer" */ = {
			isa = XCConfigurationList;
			buildConfigurations = (
				EBFDE76A29DEBF7A0041F2E5 /* Debug */,
				EBFDE76B29DEBF7A0041F2E5 /* Release */,
			);
			defaultConfigurationIsVisible = 0;
			defaultConfigurationName = Release;
		};
/* End XCConfigurationList section */
	};
	rootObject = EBFDE74D29DEBF780041F2E5 /* Project object */;
}
